{
  "version": "v1",
  "packages": {
    "@supabase/auth-helpers-nextjs": {
      "signature": "351a029caa666859d8c3442953b3d5ca",
      "file": true,
      "replaced": "^0.7.4"
    },
    "@supabase/auth-helpers-shared": {
      "signature": "a861468e39125c774492328a214d4e1e",
      "file": true
    }
  }
}