{
  "version": "v1",
  "packages": {
    "@supabase/auth-helpers-nextjs": {
      "signature": "6b85ae85d0c6ce0ecca1258ce4bb09fa",
      "file": true,
      "replaced": "^0.7.4"
    },
    "@supabase/auth-helpers-shared": {
      "signature": "894640361c27ac7a064a376172a55cbe",
      "file": true
    }
  }
}