{
  "version": "v1",
  "packages": {
    "@supabase/auth-helpers-nextjs": {
      "signature": "d72c94629cae93191d3389bb1dd7a18e",
      "file": true,
      "replaced": "^0.7.4"
    },
    "@supabase/auth-helpers-shared": {
      "signature": "66e1f7f797b1021aafbbeefd21b34b03",
      "file": true
    }
  }
}